// !$*UTF8*$!
{
	archiveVersion = 1;
	classes = {
	};
	objectVersion = 46;
	objects = {

/* Begin PBXBuildFile section */
		7D0746021E593DBB00423F6B /* AddViewController.swift in Sources */ = {isa = PBXBuildFile; fileRef = 7D0746011E593DBB00423F6B /* AddViewController.swift */; };
		7D0746041E596EA200423F6B /* AlarmCellTableViewCell.swift in Sources */ = {isa = PBXBuildFile; fileRef = 7D0746031E596EA200423F6B /* AlarmCellTableViewCell.swift */; };
		7D0746061E596EA800423F6B /* Time.swift in Sources */ = {isa = PBXBuildFile; fileRef = 7D0746051E596EA800423F6B /* Time.swift */; };
		7D34C5A41E58F4F200BDC32B /* AppDelegate.swift in Sources */ = {isa = PBXBuildFile; fileRef = 7D34C5A31E58F4F200BDC32B /* AppDelegate.swift */; };
		7D34C5A61E58F4F200BDC32B /* MainViewController.swift in Sources */ = {isa = PBXBuildFile; fileRef = 7D34C5A51E58F4F200BDC32B /* MainViewController.swift */; };
		7D34C5A91E58F4F200BDC32B /* Main.storyboard in Resources */ = {isa = PBXBuildFile; fileRef = 7D34C5A71E58F4F200BDC32B /* Main.storyboard */; };
		7D34C5AC1E58F4F200BDC32B /* YSYL___You_Snooze_You_Loze.xcdatamodeld in Sources */ = {isa = PBXBuildFile; fileRef = 7D34C5AA1E58F4F200BDC32B /* YSYL___You_Snooze_You_Loze.xcdatamodeld */; };
		7D34C5AE1E58F4F200BDC32B /* Assets.xcassets in Resources */ = {isa = PBXBuildFile; fileRef = 7D34C5AD1E58F4F200BDC32B /* Assets.xcassets */; };
		7D34C5B11E58F4F200BDC32B /* LaunchScreen.storyboard in Resources */ = {isa = PBXBuildFile; fileRef = 7D34C5AF1E58F4F200BDC32B /* LaunchScreen.storyboard */; };
		7D4BAAA51E5C30C900BB71E3 /* DBAlertController.swift in Sources */ = {isa = PBXBuildFile; fileRef = 7D4BAAA41E5C30C900BB71E3 /* DBAlertController.swift */; };
		7D672D871E59D1B80034919D /* LoginViewController.swift in Sources */ = {isa = PBXBuildFile; fileRef = 7D672D861E59D1B80034919D /* LoginViewController.swift */; };
		7D672D891E59E0140034919D /* img in Resources */ = {isa = PBXBuildFile; fileRef = 7D672D881E59E0140034919D /* img */; };
		94BDD0F41E591D6800BB103A /* Alarm.swift in Sources */ = {isa = PBXBuildFile; fileRef = 94BDD0F31E591D6800BB103A /* Alarm.swift */; };
		94BDD0F81E59268200BB103A /* AlarmClock.swift in Sources */ = {isa = PBXBuildFile; fileRef = 94BDD0F71E59268200BB103A /* AlarmClock.swift */; };
/* End PBXBuildFile section */

/* Begin PBXFileReference section */
		7D0746011E593DBB00423F6B /* AddViewController.swift */ = {isa = PBXFileReference; fileEncoding = 4; lastKnownFileType = sourcecode.swift; name = AddViewController.swift; path = ../AddViewController.swift; sourceTree = "<group>"; };
		7D0746031E596EA200423F6B /* AlarmCellTableViewCell.swift */ = {isa = PBXFileReference; fileEncoding = 4; lastKnownFileType = sourcecode.swift; path = AlarmCellTableViewCell.swift; sourceTree = "<group>"; };
		7D0746051E596EA800423F6B /* Time.swift */ = {isa = PBXFileReference; fileEncoding = 4; lastKnownFileType = sourcecode.swift; path = Time.swift; sourceTree = "<group>"; };
		7D34C5A01E58F4F200BDC32B /* YSYL - You Snooze You Loze.app */ = {isa = PBXFileReference; explicitFileType = wrapper.application; includeInIndex = 0; path = "YSYL - You Snooze You Loze.app"; sourceTree = BUILT_PRODUCTS_DIR; };
		7D34C5A31E58F4F200BDC32B /* AppDelegate.swift */ = {isa = PBXFileReference; lastKnownFileType = sourcecode.swift; path = AppDelegate.swift; sourceTree = "<group>"; };
		7D34C5A51E58F4F200BDC32B /* MainViewController.swift */ = {isa = PBXFileReference; lastKnownFileType = sourcecode.swift; path = MainViewController.swift; sourceTree = "<group>"; };
		7D34C5A81E58F4F200BDC32B /* Base */ = {isa = PBXFileReference; lastKnownFileType = file.storyboard; name = Base; path = Base.lproj/Main.storyboard; sourceTree = "<group>"; };
		7D34C5AB1E58F4F200BDC32B /* YSYL___You_Snooze_You_Loze.xcdatamodel */ = {isa = PBXFileReference; lastKnownFileType = wrapper.xcdatamodel; path = "YSYL___You_Snooze_You_Loze.xcdatamodel"; sourceTree = "<group>"; };
		7D34C5AD1E58F4F200BDC32B /* Assets.xcassets */ = {isa = PBXFileReference; lastKnownFileType = folder.assetcatalog; path = Assets.xcassets; sourceTree = "<group>"; };
		7D34C5B01E58F4F200BDC32B /* Base */ = {isa = PBXFileReference; lastKnownFileType = file.storyboard; name = Base; path = Base.lproj/LaunchScreen.storyboard; sourceTree = "<group>"; };
		7D34C5B21E58F4F200BDC32B /* Info.plist */ = {isa = PBXFileReference; lastKnownFileType = text.plist.xml; path = Info.plist; sourceTree = "<group>"; };
		7D4BAAA41E5C30C900BB71E3 /* DBAlertController.swift */ = {isa = PBXFileReference; fileEncoding = 4; lastKnownFileType = sourcecode.swift; path = DBAlertController.swift; sourceTree = "<group>"; };
		7D672D861E59D1B80034919D /* LoginViewController.swift */ = {isa = PBXFileReference; fileEncoding = 4; lastKnownFileType = sourcecode.swift; path = LoginViewController.swift; sourceTree = "<group>"; };
		7D672D881E59E0140034919D /* img */ = {isa = PBXFileReference; lastKnownFileType = folder; path = img; sourceTree = "<group>"; };
		94BDD0F31E591D6800BB103A /* Alarm.swift */ = {isa = PBXFileReference; fileEncoding = 4; lastKnownFileType = sourcecode.swift; path = Alarm.swift; sourceTree = "<group>"; };
		94BDD0F71E59268200BB103A /* AlarmClock.swift */ = {isa = PBXFileReference; fileEncoding = 4; lastKnownFileType = sourcecode.swift; path = AlarmClock.swift; sourceTree = "<group>"; };
/* End PBXFileReference section */

/* Begin PBXFrameworksBuildPhase section */
		7D34C59D1E58F4F200BDC32B /* Frameworks */ = {
			isa = PBXFrameworksBuildPhase;
			buildActionMask = 2147483647;
			files = (
			);
			runOnlyForDeploymentPostprocessing = 0;
		};
/* End PBXFrameworksBuildPhase section */

/* Begin PBXGroup section */
		7D34C5971E58F4F200BDC32B = {
			isa = PBXGroup;
			children = (
				7D34C5A21E58F4F200BDC32B /* YSYL - You Snooze You Loze */,
				7D34C5A11E58F4F200BDC32B /* Products */,
			);
			sourceTree = "<group>";
		};
		7D34C5A11E58F4F200BDC32B /* Products */ = {
			isa = PBXGroup;
			children = (
				7D34C5A01E58F4F200BDC32B /* YSYL - You Snooze You Loze.app */,
			);
			name = Products;
			sourceTree = "<group>";
		};
		7D34C5A21E58F4F200BDC32B /* YSYL - You Snooze You Loze */ = {
			isa = PBXGroup;
			children = (
				7D672D861E59D1B80034919D /* LoginViewController.swift */,
				7D0746011E593DBB00423F6B /* AddViewController.swift */,
				7D34C5A31E58F4F200BDC32B /* AppDelegate.swift */,
				7D34C5A51E58F4F200BDC32B /* MainViewController.swift */,
				7D4BAAA41E5C30C900BB71E3 /* DBAlertController.swift */,
				7D0746051E596EA800423F6B /* Time.swift */,
				7D0746031E596EA200423F6B /* AlarmCellTableViewCell.swift */,
				94BDD0F71E59268200BB103A /* AlarmClock.swift */,
				94BDD0F31E591D6800BB103A /* Alarm.swift */,
				7D34C5A71E58F4F200BDC32B /* Main.storyboard */,
				7D34C5AD1E58F4F200BDC32B /* Assets.xcassets */,
				7D34C5AF1E58F4F200BDC32B /* LaunchScreen.storyboard */,
				7D672D881E59E0140034919D /* img */,
				7D34C5B21E58F4F200BDC32B /* Info.plist */,
				7D34C5AA1E58F4F200BDC32B /* YSYL___You_Snooze_You_Loze.xcdatamodeld */,
			);
			path = "YSYL - You Snooze You Loze";
			sourceTree = "<group>";
		};
/* End PBXGroup section */

/* Begin PBXNativeTarget section */
		7D34C59F1E58F4F200BDC32B /* YSYL - You Snooze You Loze */ = {
			isa = PBXNativeTarget;
			buildConfigurationList = 7D34C5B51E58F4F200BDC32B /* Build configuration list for PBXNativeTarget "YSYL - You Snooze You Loze" */;
			buildPhases = (
				7D34C59C1E58F4F200BDC32B /* Sources */,
				7D34C59D1E58F4F200BDC32B /* Frameworks */,
				7D34C59E1E58F4F200BDC32B /* Resources */,
			);
			buildRules = (
			);
			dependencies = (
			);
			name = "YSYL - You Snooze You Loze";
			productName = "YSYL - You Snooze You Loze";
			productReference = 7D34C5A01E58F4F200BDC32B /* YSYL - You Snooze You Loze.app */;
			productType = "com.apple.product-type.application";
		};
/* End PBXNativeTarget section */

/* Begin PBXProject section */
		7D34C5981E58F4F200BDC32B /* Project object */ = {
			isa = PBXProject;
			attributes = {
				LastSwiftUpdateCheck = 0820;
				LastUpgradeCheck = 0820;
				ORGANIZATIONNAME = "Revolution 9";
				TargetAttributes = {
					7D34C59F1E58F4F200BDC32B = {
						CreatedOnToolsVersion = 8.2.1;
						DevelopmentTeam = 5PSCJVEKW3;
						ProvisioningStyle = Automatic;
					};
				};
			};
			buildConfigurationList = 7D34C59B1E58F4F200BDC32B /* Build configuration list for PBXProject "YSYL - You Snooze You Loze" */;
			compatibilityVersion = "Xcode 3.2";
			developmentRegion = English;
			hasScannedForEncodings = 0;
			knownRegions = (
				en,
				Base,
			);
			mainGroup = 7D34C5971E58F4F200BDC32B;
			productRefGroup = 7D34C5A11E58F4F200BDC32B /* Products */;
			projectDirPath = "";
			projectRoot = "";
			targets = (
				7D34C59F1E58F4F200BDC32B /* YSYL - You Snooze You Loze */,
			);
		};
/* End PBXProject section */

/* Begin PBXResourcesBuildPhase section */
		7D34C59E1E58F4F200BDC32B /* Resources */ = {
			isa = PBXResourcesBuildPhase;
			buildActionMask = 2147483647;
			files = (
				7D672D891E59E0140034919D /* img in Resources */,
				7D34C5B11E58F4F200BDC32B /* LaunchScreen.storyboard in Resources */,
				7D34C5AE1E58F4F200BDC32B /* Assets.xcassets in Resources */,
				7D34C5A91E58F4F200BDC32B /* Main.storyboard in Resources */,
			);
			runOnlyForDeploymentPostprocessing = 0;
		};
/* End PBXResourcesBuildPhase section */

/* Begin PBXSourcesBuildPhase section */
		7D34C59C1E58F4F200BDC32B /* Sources */ = {
			isa = PBXSourcesBuildPhase;
			buildActionMask = 2147483647;
			files = (
				7D672D871E59D1B80034919D /* LoginViewController.swift in Sources */,
				7D0746021E593DBB00423F6B /* AddViewController.swift in Sources */,
				7D34C5AC1E58F4F200BDC32B /* YSYL___You_Snooze_You_Loze.xcdatamodeld in Sources */,
				7D0746041E596EA200423F6B /* AlarmCellTableViewCell.swift in Sources */,
				7D34C5A61E58F4F200BDC32B /* MainViewController.swift in Sources */,
				7D0746061E596EA800423F6B /* Time.swift in Sources */,
				7D34C5A41E58F4F200BDC32B /* AppDelegate.swift in Sources */,
				94BDD0F41E591D6800BB103A /* Alarm.swift in Sources */,
				7D4BAAA51E5C30C900BB71E3 /* DBAlertController.swift in Sources */,
				94BDD0F81E59268200BB103A /* AlarmClock.swift in Sources */,
			);
			runOnlyForDeploymentPostprocessing = 0;
		};
/* End PBXSourcesBuildPhase section */

/* Begin PBXVariantGroup section */
		7D34C5A71E58F4F200BDC32B /* Main.storyboard */ = {
			isa = PBXVariantGroup;
			children = (
				7D34C5A81E58F4F200BDC32B /* Base */,
			);
			name = Main.storyboard;
			sourceTree = "<group>";
		};
		7D34C5AF1E58F4F200BDC32B /* LaunchScreen.storyboard */ = {
			isa = PBXVariantGroup;
			children = (
				7D34C5B01E58F4F200BDC32B /* Base */,
			);
			name = LaunchScreen.storyboard;
			sourceTree = "<group>";
		};
/* End PBXVariantGroup section */

/* Begin XCBuildConfiguration section */
		7D34C5B31E58F4F200BDC32B /* Debug */ = {
			isa = XCBuildConfiguration;
			buildSettings = {
				ALWAYS_SEARCH_USER_PATHS = NO;
				CLANG_ANALYZER_NONNULL = YES;
				CLANG_CXX_LANGUAGE_STANDARD = "gnu++0x";
				CLANG_CXX_LIBRARY = "libc++";
				CLANG_ENABLE_MODULES = YES;
				CLANG_ENABLE_OBJC_ARC = YES;
				CLANG_WARN_BOOL_CONVERSION = YES;
				CLANG_WARN_CONSTANT_CONVERSION = YES;
				CLANG_WARN_DIRECT_OBJC_ISA_USAGE = YES_ERROR;
				CLANG_WARN_DOCUMENTATION_COMMENTS = YES;
				CLANG_WARN_EMPTY_BODY = YES;
				CLANG_WARN_ENUM_CONVERSION = YES;
				CLANG_WARN_INFINITE_RECURSION = YES;
				CLANG_WARN_INT_CONVERSION = YES;
				CLANG_WARN_OBJC_ROOT_CLASS = YES_ERROR;
				CLANG_WARN_SUSPICIOUS_MOVE = YES;
				CLANG_WARN_UNREACHABLE_CODE = YES;
				CLANG_WARN__DUPLICATE_METHOD_MATCH = YES;
				"CODE_SIGN_IDENTITY[sdk=iphoneos*]" = "iPhone Developer";
				COPY_PHASE_STRIP = NO;
				DEBUG_INFORMATION_FORMAT = dwarf;
				ENABLE_STRICT_OBJC_MSGSEND = YES;
				ENABLE_TESTABILITY = YES;
				GCC_C_LANGUAGE_STANDARD = gnu99;
				GCC_DYNAMIC_NO_PIC = NO;
				GCC_NO_COMMON_BLOCKS = YES;
				GCC_OPTIMIZATION_LEVEL = 0;
				GCC_PREPROCESSOR_DEFINITIONS = (
					"DEBUG=1",
					"$(inherited)",
				);
				GCC_WARN_64_TO_32_BIT_CONVERSION = YES;
				GCC_WARN_ABOUT_RETURN_TYPE = YES_ERROR;
				GCC_WARN_UNDECLARED_SELECTOR = YES;
				GCC_WARN_UNINITIALIZED_AUTOS = YES_AGGRESSIVE;
				GCC_WARN_UNUSED_FUNCTION = YES;
				GCC_WARN_UNUSED_VARIABLE = YES;
				IPHONEOS_DEPLOYMENT_TARGET = 10.2;
				MTL_ENABLE_DEBUG_INFO = YES;
				ONLY_ACTIVE_ARCH = YES;
				SDKROOT = iphoneos;
				SWIFT_ACTIVE_COMPILATION_CONDITIONS = DEBUG;
				SWIFT_OPTIMIZATION_LEVEL = "-Onone";
			};
			name = Debug;
		};
		7D34C5B41E58F4F200BDC32B /* Release */ = {
			isa = XCBuildConfiguration;
			buildSettings = {
				ALWAYS_SEARCH_USER_PATHS = NO;
				CLANG_ANALYZER_NONNULL = YES;
				CLANG_CXX_LANGUAGE_STANDARD = "gnu++0x";
				CLANG_CXX_LIBRARY = "libc++";
				CLANG_ENABLE_MODULES = YES;
				CLANG_ENABLE_OBJC_ARC = YES;
				CLANG_WARN_BOOL_CONVERSION = YES;
				CLANG_WARN_CONSTANT_CONVERSION = YES;
				CLANG_WARN_DIRECT_OBJC_ISA_USAGE = YES_ERROR;
				CLANG_WARN_DOCUMENTATION_COMMENTS = YES;
				CLANG_WARN_EMPTY_BODY = YES;
				CLANG_WARN_ENUM_CONVERSION = YES;
				CLANG_WARN_INFINITE_RECURSION = YES;
				CLANG_WARN_INT_CONVERSION = YES;
				CLANG_WARN_OBJC_ROOT_CLASS = YES_ERROR;
				CLANG_WARN_SUSPICIOUS_MOVE = YES;
				CLANG_WARN_UNREACHABLE_CODE = YES;
				CLANG_WARN__DUPLICATE_METHOD_MATCH = YES;
				"CODE_SIGN_IDENTITY[sdk=iphoneos*]" = "iPhone Developer";
				COPY_PHASE_STRIP = NO;
				DEBUG_INFORMATION_FORMAT = "dwarf-with-dsym";
				ENABLE_NS_ASSERTIONS = NO;
				ENABLE_STRICT_OBJC_MSGSEND = YES;
				GCC_C_LANGUAGE_STANDARD = gnu99;
				GCC_NO_COMMON_BLOCKS = YES;
				GCC_WARN_64_TO_32_BIT_CONVERSION = YES;
				GCC_WARN_ABOUT_RETURN_TYPE = YES_ERROR;
				GCC_WARN_UNDECLARED_SELECTOR = YES;
				GCC_WARN_UNINITIALIZED_AUTOS = YES_AGGRESSIVE;
				GCC_WARN_UNUSED_FUNCTION = YES;
				GCC_WARN_UNUSED_VARIABLE = YES;
				IPHONEOS_DEPLOYMENT_TARGET = 10.2;
				MTL_ENABLE_DEBUG_INFO = NO;
				SDKROOT = iphoneos;
				SWIFT_OPTIMIZATION_LEVEL = "-Owholemodule";
				VALIDATE_PRODUCT = YES;
			};
			name = Release;
		};
		7D34C5B61E58F4F200BDC32B /* Debug */ = {
			isa = XCBuildConfiguration;
			buildSettings = {
				ASSETCATALOG_COMPILER_APPICON_NAME = AppIcon;
				DEVELOPMENT_TEAM = 5PSCJVEKW3;
				INFOPLIST_FILE = "YSYL - You Snooze You Loze/Info.plist";
				LD_RUNPATH_SEARCH_PATHS = "$(inherited) @executable_path/Frameworks";
				PRODUCT_BUNDLE_IDENTIFIER = "com.kelden.YSYL---You-Snooze-You-Loze";
				PRODUCT_NAME = "$(TARGET_NAME)";
				SWIFT_VERSION = 3.0;
			};
			name = Debug;
		};
		7D34C5B71E58F4F200BDC32B /* Release */ = {
			isa = XCBuildConfiguration;
			buildSettings = {
				ASSETCATALOG_COMPILER_APPICON_NAME = AppIcon;
				DEVELOPMENT_TEAM = 5PSCJVEKW3;
				INFOPLIST_FILE = "YSYL - You Snooze You Loze/Info.plist";
				LD_RUNPATH_SEARCH_PATHS = "$(inherited) @executable_path/Frameworks";
				PRODUCT_BUNDLE_IDENTIFIER = "com.kelden.YSYL---You-Snooze-You-Loze";
				PRODUCT_NAME = "$(TARGET_NAME)";
				SWIFT_VERSION = 3.0;
			};
			name = Release;
		};
/* End XCBuildConfiguration section */

/* Begin XCConfigurationList section */
		7D34C59B1E58F4F200BDC32B /* Build configuration list for PBXProject "YSYL - You Snooze You Loze" */ = {
			isa = XCConfigurationList;
			buildConfigurations = (
				7D34C5B31E58F4F200BDC32B /* Debug */,
				7D34C5B41E58F4F200BDC32B /* Release */,
			);
			defaultConfigurationIsVisible = 0;
			defaultConfigurationName = Release;
		};
		7D34C5B51E58F4F200BDC32B /* Build configuration list for PBXNativeTarget "YSYL - You Snooze You Loze" */ = {
			isa = XCConfigurationList;
			buildConfigurations = (
				7D34C5B61E58F4F200BDC32B /* Debug */,
				7D34C5B71E58F4F200BDC32B /* Release */,
			);
			defaultConfigurationIsVisible = 0;
			defaultConfigurationName = Release;
		};
/* End XCConfigurationList section */

/* Begin XCVersionGroup section */
		7D34C5AA1E58F4F200BDC32B /* YSYL___You_Snooze_You_Loze.xcdatamodeld */ = {
			isa = XCVersionGroup;
			children = (
				7D34C5AB1E58F4F200BDC32B /* YSYL___You_Snooze_You_Loze.xcdatamodel */,
			);
			currentVersion = 7D34C5AB1E58F4F200BDC32B /* YSYL___You_Snooze_You_Loze.xcdatamodel */;
			path = "YSYL___You_Snooze_You_Loze.xcdatamodeld";
			sourceTree = "<group>";
			versionGroupType = wrapper.xcdatamodel;
		};
/* End XCVersionGroup section */
	};
	rootObject = 7D34C5981E58F4F200BDC32B /* Project object */;
}
